
Microsoft Visual Studio Solution File, Format Version 12.00
# Visual Studio Version 17
VisualStudioVersion = 17.0.31521.260
MinimumVisualStudioVersion = 10.0.40219.1
Project("{2150E333-8FDC-42A3-9474-1A3956D46DE8}") = "src", "src", "{9E2FDA85-FF37-4E8C-B6E1-056CE77C0EE2}"
EndProject
Project("{2150E333-8FDC-42A3-9474-1A3956D46DE8}") = "tests", "tests", "{13F26BFD-6110-48EC-B78D-E299903A91EE}"
EndProject
Project("{2150E333-8FDC-42A3-9474-1A3956D46DE8}") = "Domain", "Domain", "{D01CD5AF-D921-49A7-ABE6-B990D4B17C1B}"
EndProject
Project("{2150E333-8FDC-42A3-9474-1A3956D46DE8}") = "Infrastructure", "Infrastructure", "{45155A97-3609-4B83-8EE0-F4378B7AAD29}"
EndProject
Global
	GlobalSection(SolutionProperties) = preSolution
		HideSolutionNode = FALSE
	EndGlobalSection
	GlobalSection(NestedProjects) = preSolution
		{D01CD5AF-D921-49A7-ABE6-B990D4B17C1B} = {9E2FDA85-FF37-4E8C-B6E1-056CE77C0EE2}
		{45155A97-3609-4B83-8EE0-F4378B7AAD29} = {9E2FDA85-FF37-4E8C-B6E1-056CE77C0EE2}
	EndGlobalSection
	GlobalSection(ExtensibilityGlobals) = postSolution
		SolutionGuid = {A0CE2A75-8CEA-40E8-B1DF-E77D1204B110}
	EndGlobalSection
EndGlobal
