
Microsoft Visual Studio Solution File, Format Version 12.00
# Visual Studio Version 17
VisualStudioVersion = 17.0.31521.260
MinimumVisualStudioVersion = 10.0.40219.1
Project("{2150E333-8FDC-42A3-9474-1A3956D46DE8}") = "src", "src", "{9E2FDA85-FF37-4E8C-B6E1-056CE77C0EE2}"
EndProject
Project("{2150E333-8FDC-42A3-9474-1A3956D46DE8}") = "tests", "tests", "{13F26BFD-6110-48EC-B78D-E299903A91EE}"
EndProject
Project("{2150E333-8FDC-42A3-9474-1A3956D46DE8}") = "Domain", "Domain", "{D01CD5AF-D921-49A7-ABE6-B990D4B17C1B}"
EndProject
Project("{2150E333-8FDC-42A3-9474-1A3956D46DE8}") = "Infrastructure", "Infrastructure", "{45155A97-3609-4B83-8EE0-F4378B7AAD29}"
EndProject
Project("{9A19103F-16F7-4668-BE54-9A1E7A4F7556}") = "Domain.Schema", "src\Domain.Schema\Domain.Schema.csproj", "{D2C1148D-7316-45F6-9C83-D7D9E39D82F9}"
EndProject
Project("{9A19103F-16F7-4668-BE54-9A1E7A4F7556}") = "Application", "src\Application\Application.csproj", "{FDC849A6-6F80-45D2-A7A5-E67940106F8F}"
EndProject
Project("{9A19103F-16F7-4668-BE54-9A1E7A4F7556}") = "Domain", "src\Domain\Domain.csproj", "{4FF2D489-81FB-4F7F-890E-F54EFFCB672C}"
EndProject
Project("{9A19103F-16F7-4668-BE54-9A1E7A4F7556}") = "Domain.Tests", "tests\Domain.Tests\Domain.Tests.csproj", "{DDC70A7B-823A-4975-A5F1-8F0855277B0D}"
EndProject
Project("{2150E333-8FDC-42A3-9474-1A3956D46DE8}") = ".github", ".github", "{C88F2B21-F016-4372-8D30-77EB34D54E9A}"
EndProject
Project("{2150E333-8FDC-42A3-9474-1A3956D46DE8}") = "workflows", "workflows", "{E0040D9F-3461-4507-9443-31AC1E01A81A}"
	ProjectSection(SolutionItems) = preProject
		.github\workflows\dotnet.yml = .github\workflows\dotnet.yml
	EndProjectSection
EndProject
Global
	GlobalSection(SolutionConfigurationPlatforms) = preSolution
		Debug|Any CPU = Debug|Any CPU
		Release|Any CPU = Release|Any CPU
	EndGlobalSection
	GlobalSection(ProjectConfigurationPlatforms) = postSolution
		{D2C1148D-7316-45F6-9C83-D7D9E39D82F9}.Debug|Any CPU.ActiveCfg = Debug|Any CPU
		{D2C1148D-7316-45F6-9C83-D7D9E39D82F9}.Debug|Any CPU.Build.0 = Debug|Any CPU
		{D2C1148D-7316-45F6-9C83-D7D9E39D82F9}.Release|Any CPU.ActiveCfg = Release|Any CPU
		{D2C1148D-7316-45F6-9C83-D7D9E39D82F9}.Release|Any CPU.Build.0 = Release|Any CPU
		{FDC849A6-6F80-45D2-A7A5-E67940106F8F}.Debug|Any CPU.ActiveCfg = Debug|Any CPU
		{FDC849A6-6F80-45D2-A7A5-E67940106F8F}.Debug|Any CPU.Build.0 = Debug|Any CPU
		{FDC849A6-6F80-45D2-A7A5-E67940106F8F}.Release|Any CPU.ActiveCfg = Release|Any CPU
		{FDC849A6-6F80-45D2-A7A5-E67940106F8F}.Release|Any CPU.Build.0 = Release|Any CPU
		{4FF2D489-81FB-4F7F-890E-F54EFFCB672C}.Debug|Any CPU.ActiveCfg = Debug|Any CPU
		{4FF2D489-81FB-4F7F-890E-F54EFFCB672C}.Debug|Any CPU.Build.0 = Debug|Any CPU
		{4FF2D489-81FB-4F7F-890E-F54EFFCB672C}.Release|Any CPU.ActiveCfg = Release|Any CPU
		{4FF2D489-81FB-4F7F-890E-F54EFFCB672C}.Release|Any CPU.Build.0 = Release|Any CPU
		{DDC70A7B-823A-4975-A5F1-8F0855277B0D}.Debug|Any CPU.ActiveCfg = Debug|Any CPU
		{DDC70A7B-823A-4975-A5F1-8F0855277B0D}.Debug|Any CPU.Build.0 = Debug|Any CPU
		{DDC70A7B-823A-4975-A5F1-8F0855277B0D}.Release|Any CPU.ActiveCfg = Release|Any CPU
		{DDC70A7B-823A-4975-A5F1-8F0855277B0D}.Release|Any CPU.Build.0 = Release|Any CPU
	EndGlobalSection
	GlobalSection(SolutionProperties) = preSolution
		HideSolutionNode = FALSE
	EndGlobalSection
	GlobalSection(NestedProjects) = preSolution
		{D01CD5AF-D921-49A7-ABE6-B990D4B17C1B} = {9E2FDA85-FF37-4E8C-B6E1-056CE77C0EE2}
		{45155A97-3609-4B83-8EE0-F4378B7AAD29} = {9E2FDA85-FF37-4E8C-B6E1-056CE77C0EE2}
		{D2C1148D-7316-45F6-9C83-D7D9E39D82F9} = {D01CD5AF-D921-49A7-ABE6-B990D4B17C1B}
		{FDC849A6-6F80-45D2-A7A5-E67940106F8F} = {9E2FDA85-FF37-4E8C-B6E1-056CE77C0EE2}
		{4FF2D489-81FB-4F7F-890E-F54EFFCB672C} = {D01CD5AF-D921-49A7-ABE6-B990D4B17C1B}
		{DDC70A7B-823A-4975-A5F1-8F0855277B0D} = {13F26BFD-6110-48EC-B78D-E299903A91EE}
		{E0040D9F-3461-4507-9443-31AC1E01A81A} = {C88F2B21-F016-4372-8D30-77EB34D54E9A}
	EndGlobalSection
	GlobalSection(ExtensibilityGlobals) = postSolution
		SolutionGuid = {A0CE2A75-8CEA-40E8-B1DF-E77D1204B110}
	EndGlobalSection
EndGlobal
